
Microsoft Visual Studio Solution File, Format Version 12.00
# Visual Studio 15
Project("{FAE04EC0-301F-11D3-BF4B-00C04F79EFBC}") = "Storage", "Storage\Storage.csproj", "{EE778C23-1EC9-41EB-9D09-CED2B7B0958E}"
EndProject
Project("{FAE04EC0-301F-11D3-BF4B-00C04F79EFBC}") = "Core", "Core\Core.csproj", "{66A1BE81-19B0-4249-8746-4A3A6BA93D7C}"
EndProject
Project("{FAE04EC0-301F-11D3-BF4B-00C04F79EFBC}") = "OEDClient", "OEDClient\OEDClient.csproj", "{902AE46F-8A02-449E-A669-2C8137DF3753}"
EndProject
Project("{FAE04EC0-301F-11D3-BF4B-00C04F79EFBC}") = "Api", "Api\Api.csproj", "{34DBCCF3-E107-4591-93FD-2711F58B57A6}"
EndProject
Project("{FAE04EC0-301F-11D3-BF4B-00C04F79EFBC}") = "WordOrganizerService", "WordOrganizerService\WordOrganizerService.csproj", "{CB9D0631-03BE-4769-86C5-26D012CF4F12}"
EndProject
Global
	GlobalSection(SolutionConfigurationPlatforms) = preSolution
		Debug|Any CPU = Debug|Any CPU
		Release|Any CPU = Release|Any CPU
	EndGlobalSection
	GlobalSection(ProjectConfigurationPlatforms) = postSolution
		{EE778C23-1EC9-41EB-9D09-CED2B7B0958E}.Debug|Any CPU.ActiveCfg = Debug|Any CPU
		{EE778C23-1EC9-41EB-9D09-CED2B7B0958E}.Debug|Any CPU.Build.0 = Debug|Any CPU
		{EE778C23-1EC9-41EB-9D09-CED2B7B0958E}.Release|Any CPU.ActiveCfg = Release|Any CPU
		{EE778C23-1EC9-41EB-9D09-CED2B7B0958E}.Release|Any CPU.Build.0 = Release|Any CPU
		{66A1BE81-19B0-4249-8746-4A3A6BA93D7C}.Debug|Any CPU.ActiveCfg = Debug|Any CPU
		{66A1BE81-19B0-4249-8746-4A3A6BA93D7C}.Debug|Any CPU.Build.0 = Debug|Any CPU
		{66A1BE81-19B0-4249-8746-4A3A6BA93D7C}.Release|Any CPU.ActiveCfg = Release|Any CPU
		{66A1BE81-19B0-4249-8746-4A3A6BA93D7C}.Release|Any CPU.Build.0 = Release|Any CPU
		{902AE46F-8A02-449E-A669-2C8137DF3753}.Debug|Any CPU.ActiveCfg = Debug|Any CPU
		{902AE46F-8A02-449E-A669-2C8137DF3753}.Debug|Any CPU.Build.0 = Debug|Any CPU
		{902AE46F-8A02-449E-A669-2C8137DF3753}.Release|Any CPU.ActiveCfg = Release|Any CPU
		{902AE46F-8A02-449E-A669-2C8137DF3753}.Release|Any CPU.Build.0 = Release|Any CPU
		{34DBCCF3-E107-4591-93FD-2711F58B57A6}.Debug|Any CPU.ActiveCfg = Debug|Any CPU
		{34DBCCF3-E107-4591-93FD-2711F58B57A6}.Debug|Any CPU.Build.0 = Debug|Any CPU
		{34DBCCF3-E107-4591-93FD-2711F58B57A6}.Release|Any CPU.ActiveCfg = Release|Any CPU
		{34DBCCF3-E107-4591-93FD-2711F58B57A6}.Release|Any CPU.Build.0 = Release|Any CPU
		{CB9D0631-03BE-4769-86C5-26D012CF4F12}.Debug|Any CPU.ActiveCfg = Debug|Any CPU
		{CB9D0631-03BE-4769-86C5-26D012CF4F12}.Debug|Any CPU.Build.0 = Debug|Any CPU
		{CB9D0631-03BE-4769-86C5-26D012CF4F12}.Release|Any CPU.ActiveCfg = Release|Any CPU
		{CB9D0631-03BE-4769-86C5-26D012CF4F12}.Release|Any CPU.Build.0 = Release|Any CPU
	EndGlobalSection
EndGlobal
